
Microsoft Visual Studio Solution File, Format Version 12.00
# Visual Studio Version 17
VisualStudioVersion = 17.0.31903.59
MinimumVisualStudioVersion = 10.0.40219.1
Project("{2150E333-8FDC-42A3-9474-1A3956D46DE8}") = "src", "src", "{89C63ACF-48FA-43D6-A2E5-17A08D74DD43}"
EndProject
Project("{2150E333-8FDC-42A3-9474-1A3956D46DE8}") = "test", "test", "{BB803E90-D95A-45B9-A975-D80E6596A9D1}"
EndProject
Project("{2150E333-8FDC-42A3-9474-1A3956D46DE8}") = "API", "API", "{63B2058F-03C5-4B09-B270-0147EE0E1772}"
EndProject
Project("{2150E333-8FDC-42A3-9474-1A3956D46DE8}") = "Core", "Core", "{B0C682FC-BC3E-40E8-99AC-7E46631766F1}"
EndProject
Project("{2150E333-8FDC-42A3-9474-1A3956D46DE8}") = "Infrastructure", "Infrastructure", "{3C3971D0-0F14-4213-9C0A-24ECE7C3F2AE}"
EndProject
Project("{9A19103F-16F7-4668-BE54-9A1E7A4F7556}") = "AdoPet.Persistence", "AdoPet.Persistence\AdoPet.Persistence.csproj", "{55BD6DE6-A733-43A8-8777-80228EBC036A}"
EndProject
Project("{9A19103F-16F7-4668-BE54-9A1E7A4F7556}") = "AdoPet.Application", "AdoPet.Application\AdoPet.Application.csproj", "{BD78B3CA-82BC-47A2-BF7B-D68DBFB46DB9}"
EndProject
Project("{9A19103F-16F7-4668-BE54-9A1E7A4F7556}") = "AdoPet.Domain", "AdoPet.Domain\AdoPet.Domain.csproj", "{640496D7-84CA-4F70-B2B3-43A5C6F5EA07}"
EndProject
Project("{9A19103F-16F7-4668-BE54-9A1E7A4F7556}") = "AdoPet.Mapping", "AdoPet.Mapping\AdoPet.Mapping.csproj", "{E140497C-616C-40B5-A262-0285D9BEFE0D}"
EndProject
Project("{9A19103F-16F7-4668-BE54-9A1E7A4F7556}") = "AdoPet.API", "AdoPet.API\AdoPet.API.csproj", "{4AAED456-67EB-4FFE-B18B-0F14A0B0B725}"
EndProject
Project("{FAE04EC0-301F-11D3-BF4B-00C04F79EFBC}") = "AdoPet.Cloudinary", "AdoPet.Cloudinary\AdoPet.Cloudinary.csproj", "{C7255270-8C09-4141-87CB-916AB11C0EFC}"
EndProject
Global
	GlobalSection(SolutionConfigurationPlatforms) = preSolution
		Debug|Any CPU = Debug|Any CPU
		Release|Any CPU = Release|Any CPU
	EndGlobalSection
	GlobalSection(ProjectConfigurationPlatforms) = postSolution
		{55BD6DE6-A733-43A8-8777-80228EBC036A}.Debug|Any CPU.ActiveCfg = Debug|Any CPU
		{55BD6DE6-A733-43A8-8777-80228EBC036A}.Debug|Any CPU.Build.0 = Debug|Any CPU
		{55BD6DE6-A733-43A8-8777-80228EBC036A}.Release|Any CPU.ActiveCfg = Release|Any CPU
		{55BD6DE6-A733-43A8-8777-80228EBC036A}.Release|Any CPU.Build.0 = Release|Any CPU
		{BD78B3CA-82BC-47A2-BF7B-D68DBFB46DB9}.Debug|Any CPU.ActiveCfg = Debug|Any CPU
		{BD78B3CA-82BC-47A2-BF7B-D68DBFB46DB9}.Debug|Any CPU.Build.0 = Debug|Any CPU
		{BD78B3CA-82BC-47A2-BF7B-D68DBFB46DB9}.Release|Any CPU.ActiveCfg = Release|Any CPU
		{BD78B3CA-82BC-47A2-BF7B-D68DBFB46DB9}.Release|Any CPU.Build.0 = Release|Any CPU
		{640496D7-84CA-4F70-B2B3-43A5C6F5EA07}.Debug|Any CPU.ActiveCfg = Debug|Any CPU
		{640496D7-84CA-4F70-B2B3-43A5C6F5EA07}.Debug|Any CPU.Build.0 = Debug|Any CPU
		{640496D7-84CA-4F70-B2B3-43A5C6F5EA07}.Release|Any CPU.ActiveCfg = Release|Any CPU
		{640496D7-84CA-4F70-B2B3-43A5C6F5EA07}.Release|Any CPU.Build.0 = Release|Any CPU
		{E140497C-616C-40B5-A262-0285D9BEFE0D}.Debug|Any CPU.ActiveCfg = Debug|Any CPU
		{E140497C-616C-40B5-A262-0285D9BEFE0D}.Debug|Any CPU.Build.0 = Debug|Any CPU
		{E140497C-616C-40B5-A262-0285D9BEFE0D}.Release|Any CPU.ActiveCfg = Release|Any CPU
		{E140497C-616C-40B5-A262-0285D9BEFE0D}.Release|Any CPU.Build.0 = Release|Any CPU
		{4AAED456-67EB-4FFE-B18B-0F14A0B0B725}.Debug|Any CPU.ActiveCfg = Debug|Any CPU
		{4AAED456-67EB-4FFE-B18B-0F14A0B0B725}.Debug|Any CPU.Build.0 = Debug|Any CPU
		{4AAED456-67EB-4FFE-B18B-0F14A0B0B725}.Release|Any CPU.ActiveCfg = Release|Any CPU
		{4AAED456-67EB-4FFE-B18B-0F14A0B0B725}.Release|Any CPU.Build.0 = Release|Any CPU
		{C7255270-8C09-4141-87CB-916AB11C0EFC}.Debug|Any CPU.ActiveCfg = Debug|Any CPU
		{C7255270-8C09-4141-87CB-916AB11C0EFC}.Debug|Any CPU.Build.0 = Debug|Any CPU
		{C7255270-8C09-4141-87CB-916AB11C0EFC}.Release|Any CPU.ActiveCfg = Release|Any CPU
		{C7255270-8C09-4141-87CB-916AB11C0EFC}.Release|Any CPU.Build.0 = Release|Any CPU
	EndGlobalSection
	GlobalSection(SolutionProperties) = preSolution
		HideSolutionNode = FALSE
	EndGlobalSection
	GlobalSection(NestedProjects) = preSolution
		{63B2058F-03C5-4B09-B270-0147EE0E1772} = {89C63ACF-48FA-43D6-A2E5-17A08D74DD43}
		{B0C682FC-BC3E-40E8-99AC-7E46631766F1} = {89C63ACF-48FA-43D6-A2E5-17A08D74DD43}
		{3C3971D0-0F14-4213-9C0A-24ECE7C3F2AE} = {89C63ACF-48FA-43D6-A2E5-17A08D74DD43}
		{55BD6DE6-A733-43A8-8777-80228EBC036A} = {3C3971D0-0F14-4213-9C0A-24ECE7C3F2AE}
		{BD78B3CA-82BC-47A2-BF7B-D68DBFB46DB9} = {B0C682FC-BC3E-40E8-99AC-7E46631766F1}
		{640496D7-84CA-4F70-B2B3-43A5C6F5EA07} = {B0C682FC-BC3E-40E8-99AC-7E46631766F1}
		{E140497C-616C-40B5-A262-0285D9BEFE0D} = {B0C682FC-BC3E-40E8-99AC-7E46631766F1}
		{4AAED456-67EB-4FFE-B18B-0F14A0B0B725} = {63B2058F-03C5-4B09-B270-0147EE0E1772}
		{C7255270-8C09-4141-87CB-916AB11C0EFC} = {3C3971D0-0F14-4213-9C0A-24ECE7C3F2AE}
	EndGlobalSection
	GlobalSection(ExtensibilityGlobals) = postSolution
		SolutionGuid = {48AA8E66-78A9-48AB-ADC5-BCFE4FDE347C}
	EndGlobalSection
EndGlobal
